# This file is autogenerated, do not edit; changes may be undone by the next 'dep ensure'.


[[projects]]
  name = "github.com/google/uuid"
  packages = ["."]
  revision = "0cd6bf5da1e1c83f8b45653022c74f71af0538a4"
  version = "v1.1.1"

[[projects]]
  branch = "master"
  name = "github.com/heckdevice/goactorframework-corelib"
  packages = ["."]
  revision = "b45a9c223fee1aa46fc4e677478bf52a4ed69966"

[solve-meta]
  analyzer-name = "dep"
  analyzer-version = 1
  inputs-digest = "2319123e8cd0792aca25e90fec98a10cefca79da0e71dc907cfa8a763739b5f3"
  solver-name = "gps-cdcl"
  solver-version = 1
